
Microsoft Visual Studio Solution File, Format Version 12.00
# Visual Studio 2012
Project("{FAE04EC0-301F-11D3-BF4B-00C04F79EFBC}") = "BasicEntitasMonogameExample", "BasicEntitasMonogameExample\BasicEntitasMonogameExample.csproj", "{BBBD2640-461B-45C2-B630-C85A86DF4B9E}"
EndProject
Global
	GlobalSection(SolutionConfigurationPlatforms) = preSolution
		Debug|x86 = Debug|x86
		Release|x86 = Release|x86
	EndGlobalSection
	GlobalSection(ProjectConfigurationPlatforms) = postSolution
		{BBBD2640-461B-45C2-B630-C85A86DF4B9E}.Debug|x86.ActiveCfg = Debug|x86
		{BBBD2640-461B-45C2-B630-C85A86DF4B9E}.Debug|x86.Build.0 = Debug|x86
		{BBBD2640-461B-45C2-B630-C85A86DF4B9E}.Release|x86.ActiveCfg = Release|x86
		{BBBD2640-461B-45C2-B630-C85A86DF4B9E}.Release|x86.Build.0 = Release|x86
	EndGlobalSection
	GlobalSection(MonoDevelopProperties) = preSolution
		Policies = $0
		$0.DotNetNamingPolicy = $1
		$1.DirectoryNamespaceAssociation = None
		$1.ResourceNamePolicy = FileFormatDefault
	EndGlobalSection
EndGlobal
